
Microsoft Visual Studio Solution File, Format Version 12.00
# Visual Studio 15
VisualStudioVersion = 15.0.26730.16
MinimumVisualStudioVersion = 10.0.40219.1
Project("{FAE04EC0-301F-11D3-BF4B-00C04F79EFBC}") = "CodingDojo1", "CodingDojo1\CodingDojo1.csproj", "{12D8FDB3-4B19-430E-A9EE-2D09B1BDDF34}"
EndProject
Global
	GlobalSection(SolutionConfigurationPlatforms) = preSolution
		Debug|Any CPU = Debug|Any CPU
		Release|Any CPU = Release|Any CPU
	EndGlobalSection
	GlobalSection(ProjectConfigurationPlatforms) = postSolution
		{12D8FDB3-4B19-430E-A9EE-2D09B1BDDF34}.Debug|Any CPU.ActiveCfg = Debug|Any CPU
		{12D8FDB3-4B19-430E-A9EE-2D09B1BDDF34}.Debug|Any CPU.Build.0 = Debug|Any CPU
		{12D8FDB3-4B19-430E-A9EE-2D09B1BDDF34}.Release|Any CPU.ActiveCfg = Release|Any CPU
		{12D8FDB3-4B19-430E-A9EE-2D09B1BDDF34}.Release|Any CPU.Build.0 = Release|Any CPU
	EndGlobalSection
	GlobalSection(SolutionProperties) = preSolution
		HideSolutionNode = FALSE
	EndGlobalSection
	GlobalSection(ExtensibilityGlobals) = postSolution
		SolutionGuid = {24939CD4-B822-41E2-B944-7BAA43D2C423}
	EndGlobalSection
EndGlobal
